
Microsoft Visual Studio Solution File, Format Version 12.00
# Visual Studio 2015
Project("{FAE04EC0-301F-11D3-BF4B-00C04F79EFBC}") = "starter.CSharp", "starter.CSharp.csproj", "{AE5F9BC6-1DA1-FEC5-3D80-15FA61E58656}"
EndProject
Project("{FAE04EC0-301F-11D3-BF4B-00C04F79EFBC}") = "starter.CSharp.Editor", "starter.CSharp.Editor.csproj", "{C50AA8FD-BB9C-6A94-FD81-F03E537BDA2D}"
EndProject
Global
	GlobalSection(SolutionConfigurationPlatforms) = preSolution
		Debug|Any CPU = Debug|Any CPU
		Release|Any CPU = Release|Any CPU
	EndGlobalSection
	GlobalSection(ProjectConfigurationPlatforms) = postSolution
		{AE5F9BC6-1DA1-FEC5-3D80-15FA61E58656}.Debug|Any CPU.ActiveCfg = Debug|Any CPU
		{AE5F9BC6-1DA1-FEC5-3D80-15FA61E58656}.Debug|Any CPU.Build.0 = Debug|Any CPU
		{AE5F9BC6-1DA1-FEC5-3D80-15FA61E58656}.Release|Any CPU.ActiveCfg = Release|Any CPU
		{AE5F9BC6-1DA1-FEC5-3D80-15FA61E58656}.Release|Any CPU.Build.0 = Release|Any CPU
		{C50AA8FD-BB9C-6A94-FD81-F03E537BDA2D}.Debug|Any CPU.ActiveCfg = Debug|Any CPU
		{C50AA8FD-BB9C-6A94-FD81-F03E537BDA2D}.Debug|Any CPU.Build.0 = Debug|Any CPU
		{C50AA8FD-BB9C-6A94-FD81-F03E537BDA2D}.Release|Any CPU.ActiveCfg = Release|Any CPU
		{C50AA8FD-BB9C-6A94-FD81-F03E537BDA2D}.Release|Any CPU.Build.0 = Release|Any CPU
	EndGlobalSection
	GlobalSection(SolutionProperties) = preSolution
		HideSolutionNode = FALSE
	EndGlobalSection
EndGlobal
