
Microsoft Visual Studio Solution File, Format Version 11.00
# Visual Studio 2010
Project("{FAE04EC0-301F-11D3-BF4B-00C04F79EFBC}") = "starter", "Assembly-CSharp.csproj", "{DD98CBBD-E786-D8F0-9637-6A73B7D8C868}"
EndProject
Global
	GlobalSection(SolutionConfigurationPlatforms) = preSolution
		Debug|Any CPU = Debug|Any CPU
		Release|Any CPU = Release|Any CPU
	EndGlobalSection
	GlobalSection(ProjectConfigurationPlatforms) = postSolution
		{DD98CBBD-E786-D8F0-9637-6A73B7D8C868}.Debug|Any CPU.ActiveCfg = Debug|Any CPU
		{DD98CBBD-E786-D8F0-9637-6A73B7D8C868}.Debug|Any CPU.Build.0 = Debug|Any CPU
		{DD98CBBD-E786-D8F0-9637-6A73B7D8C868}.Release|Any CPU.ActiveCfg = Release|Any CPU
		{DD98CBBD-E786-D8F0-9637-6A73B7D8C868}.Release|Any CPU.Build.0 = Release|Any CPU
	EndGlobalSection
	GlobalSection(SolutionProperties) = preSolution
		HideSolutionNode = FALSE
	EndGlobalSection
	GlobalSection(MonoDevelopProperties) = preSolution
		StartupItem = Assembly-CSharp.csproj
	EndGlobalSection
EndGlobal
