Microsoft Visual Studio Solution File, Format Version 11.00
# Visual Studio 2008

Project("{D8671D1C-B097-A3BD-26B2-344EE25A0562}") = "lobby", "Assembly-CSharp.csproj", "{D42076B7-C9B8-DA92-2DB5-833D3EA529EB}"
EndProject
Global
	GlobalSection(SolutionConfigurationPlatforms) = preSolution
		Debug|Any CPU = Debug|Any CPU
		Release|Any CPU = Release|Any CPU
	EndGlobalSection
	GlobalSection(ProjectConfigurationPlatforms) = postSolution
		{D42076B7-C9B8-DA92-2DB5-833D3EA529EB}.Debug|Any CPU.ActiveCfg = Debug|Any CPU
		{D42076B7-C9B8-DA92-2DB5-833D3EA529EB}.Debug|Any CPU.Build.0 = Debug|Any CPU
		{D42076B7-C9B8-DA92-2DB5-833D3EA529EB}.Release|Any CPU.ActiveCfg = Release|Any CPU
		{D42076B7-C9B8-DA92-2DB5-833D3EA529EB}.Release|Any CPU.Build.0 = Release|Any CPU
	EndGlobalSection
	GlobalSection(SolutionProperties) = preSolution
		HideSolutionNode = FALSE
	EndGlobalSection
	GlobalSection(MonoDevelopProperties) = preSolution
		StartupItem = Assembly-CSharp.csproj
	EndGlobalSection
EndGlobal
