
Microsoft Visual Studio Solution File, Format Version 12.00
# Visual Studio 2015
Project("{FAE04EC0-301F-11D3-BF4B-00C04F79EFBC}") = "Test Project.CSharp", "Test Project.CSharp.csproj", "{013DD959-D92D-8C78-5116-95BE4BA243CA}"
EndProject
Global
	GlobalSection(SolutionConfigurationPlatforms) = preSolution
		Debug|Any CPU = Debug|Any CPU
		Release|Any CPU = Release|Any CPU
	EndGlobalSection
	GlobalSection(ProjectConfigurationPlatforms) = postSolution
		{013DD959-D92D-8C78-5116-95BE4BA243CA}.Debug|Any CPU.ActiveCfg = Debug|Any CPU
		{013DD959-D92D-8C78-5116-95BE4BA243CA}.Debug|Any CPU.Build.0 = Debug|Any CPU
		{013DD959-D92D-8C78-5116-95BE4BA243CA}.Release|Any CPU.ActiveCfg = Release|Any CPU
		{013DD959-D92D-8C78-5116-95BE4BA243CA}.Release|Any CPU.Build.0 = Release|Any CPU
	EndGlobalSection
	GlobalSection(SolutionProperties) = preSolution
		HideSolutionNode = FALSE
	EndGlobalSection
EndGlobal
