Microsoft Visual Studio Solution File, Format Version 11.00
# Visual Studio 2008

Project("{6FA3F3DA-A9F9-A628-2D58-C913B73B8DC4}") = "Arena", "Assembly-CSharp.csproj", "{B8C6099D-62AF-0BA6-037D-5E944C305478}"
EndProject
Global
	GlobalSection(SolutionConfigurationPlatforms) = preSolution
		Debug|Any CPU = Debug|Any CPU
		Release|Any CPU = Release|Any CPU
	EndGlobalSection
	GlobalSection(ProjectConfigurationPlatforms) = postSolution
		{B8C6099D-62AF-0BA6-037D-5E944C305478}.Debug|Any CPU.ActiveCfg = Debug|Any CPU
		{B8C6099D-62AF-0BA6-037D-5E944C305478}.Debug|Any CPU.Build.0 = Debug|Any CPU
		{B8C6099D-62AF-0BA6-037D-5E944C305478}.Release|Any CPU.ActiveCfg = Release|Any CPU
		{B8C6099D-62AF-0BA6-037D-5E944C305478}.Release|Any CPU.Build.0 = Release|Any CPU
	EndGlobalSection
	GlobalSection(SolutionProperties) = preSolution
		HideSolutionNode = FALSE
	EndGlobalSection
	GlobalSection(MonoDevelopProperties) = preSolution
		StartupItem = Assembly-CSharp.csproj
	EndGlobalSection
EndGlobal
